
Microsoft Visual Studio Solution File, Format Version 12.00
# Visual Studio Version 16
VisualStudioVersion = 16.0.29905.134
MinimumVisualStudioVersion = 10.0.40219.1
Project("{FAE04EC0-301F-11D3-BF4B-00C04F79EFBC}") = "ProducerConsumerPerformances", "ProducerConsumerPerformances\ProducerConsumerPerformances.csproj", "{73ACA765-6C55-41CF-B67D-F92172BEF630}"
EndProject
Global
	GlobalSection(SolutionConfigurationPlatforms) = preSolution
		Debug|Any CPU = Debug|Any CPU
		Release|Any CPU = Release|Any CPU
	EndGlobalSection
	GlobalSection(ProjectConfigurationPlatforms) = postSolution
		{73ACA765-6C55-41CF-B67D-F92172BEF630}.Debug|Any CPU.ActiveCfg = Debug|Any CPU
		{73ACA765-6C55-41CF-B67D-F92172BEF630}.Debug|Any CPU.Build.0 = Debug|Any CPU
		{73ACA765-6C55-41CF-B67D-F92172BEF630}.Release|Any CPU.ActiveCfg = Release|Any CPU
		{73ACA765-6C55-41CF-B67D-F92172BEF630}.Release|Any CPU.Build.0 = Release|Any CPU
	EndGlobalSection
	GlobalSection(SolutionProperties) = preSolution
		HideSolutionNode = FALSE
	EndGlobalSection
	GlobalSection(ExtensibilityGlobals) = postSolution
		SolutionGuid = {A559DBD4-ABB5-4695-B09D-E55B11E1F157}
	EndGlobalSection
EndGlobal
