
Microsoft Visual Studio Solution File, Format Version 12.00
# Visual Studio Version 16
VisualStudioVersion = 16.0.29905.134
MinimumVisualStudioVersion = 10.0.40219.1
Project("{FAE04EC0-301F-11D3-BF4B-00C04F79EFBC}") = "ObservableDesignPattern", "ObservableDesignPattern\ObservableDesignPattern.csproj", "{233372F9-6398-42A2-94CE-A63B1C3C7B25}"
EndProject
Global
	GlobalSection(SolutionConfigurationPlatforms) = preSolution
		Debug|Any CPU = Debug|Any CPU
		Release|Any CPU = Release|Any CPU
	EndGlobalSection
	GlobalSection(ProjectConfigurationPlatforms) = postSolution
		{233372F9-6398-42A2-94CE-A63B1C3C7B25}.Debug|Any CPU.ActiveCfg = Debug|Any CPU
		{233372F9-6398-42A2-94CE-A63B1C3C7B25}.Debug|Any CPU.Build.0 = Debug|Any CPU
		{233372F9-6398-42A2-94CE-A63B1C3C7B25}.Release|Any CPU.ActiveCfg = Release|Any CPU
		{233372F9-6398-42A2-94CE-A63B1C3C7B25}.Release|Any CPU.Build.0 = Release|Any CPU
	EndGlobalSection
	GlobalSection(SolutionProperties) = preSolution
		HideSolutionNode = FALSE
	EndGlobalSection
	GlobalSection(ExtensibilityGlobals) = postSolution
		SolutionGuid = {806F25A0-9502-4F43-84CF-737604AA663D}
	EndGlobalSection
EndGlobal
